
Microsoft Visual Studio Solution File, Format Version 12.00
# Visual Studio Version 17
VisualStudioVersion = 17.8.34330.188
MinimumVisualStudioVersion = 10.0.40219.1
Project("{FAE04EC0-301F-11D3-BF4B-00C04F79EFBC}") = "ASP.NETCoreDocsEditor", "ASP.NETCoreDocsEditor.csproj", "{D80D0994-9058-42D5-82A7-E74E4E4E9A5C}"
EndProject
Global
	GlobalSection(SolutionConfigurationPlatforms) = preSolution
		Debug|Any CPU = Debug|Any CPU
		Release|Any CPU = Release|Any CPU
	EndGlobalSection
	GlobalSection(ProjectConfigurationPlatforms) = postSolution
		{D80D0994-9058-42D5-82A7-E74E4E4E9A5C}.Debug|Any CPU.ActiveCfg = Debug|Any CPU
		{D80D0994-9058-42D5-82A7-E74E4E4E9A5C}.Debug|Any CPU.Build.0 = Debug|Any CPU
		{D80D0994-9058-42D5-82A7-E74E4E4E9A5C}.Release|Any CPU.ActiveCfg = Release|Any CPU
		{D80D0994-9058-42D5-82A7-E74E4E4E9A5C}.Release|Any CPU.Build.0 = Release|Any CPU
	EndGlobalSection
	GlobalSection(SolutionProperties) = preSolution
		HideSolutionNode = FALSE
	EndGlobalSection
	GlobalSection(ExtensibilityGlobals) = postSolution
		SolutionGuid = {C3E28514-3284-4B6E-BFF7-AFC6A62214A8}
	EndGlobalSection
EndGlobal
